
Microsoft Visual Studio Solution File, Format Version 12.00
# Visual Studio Version 17
VisualStudioVersion = 17.0.31903.59
MinimumVisualStudioVersion = 10.0.40219.1
Project("{2150E333-8FDC-42A3-9474-1A3956D46DE8}") = "src", "src", "{8417E0D5-E42D-4EEA-A567-81C0C705D51C}"
EndProject
Project("{FAE04EC0-301F-11D3-BF4B-00C04F79EFBC}") = "ABCPClient.Domain", "src\ABCPClient.Domain\ABCPClient.Domain.csproj", "{3FFB08AC-CD86-40DC-8B1C-9736B8ABA2A5}"
EndProject
Project("{FAE04EC0-301F-11D3-BF4B-00C04F79EFBC}") = "ABCPClient.Application", "src\ABCPClient.Application\ABCPClient.Application.csproj", "{03FFCA17-00C5-44E1-B2F8-8AF7B2470D30}"
EndProject
Project("{FAE04EC0-301F-11D3-BF4B-00C04F79EFBC}") = "ABCPClient.Infrastructure", "src\ABCPClient.Infrastructure\ABCPClient.Infrastructure.csproj", "{81A6133E-0B36-4710-A41A-46F50FB26BC0}"
EndProject
Project("{FAE04EC0-301F-11D3-BF4B-00C04F79EFBC}") = "ABCPClient.UI", "src\ABCPClient.UI\ABCPClient.UI.csproj", "{C319BFEA-EE04-440F-B14A-8A0A281861C2}"
EndProject
Project("{2150E333-8FDC-42A3-9474-1A3956D46DE8}") = "tests", "tests", "{F087D063-7B99-450C-9ED2-30A72118EB9D}"
EndProject
Project("{FAE04EC0-301F-11D3-BF4B-00C04F79EFBC}") = "ABCPClient.Tests", "tests\ABCPClient.Tests\ABCPClient.Tests.csproj", "{D27A1F89-694E-41D8-AADD-81371241D7CB}"
EndProject
Global
	GlobalSection(SolutionConfigurationPlatforms) = preSolution
		Debug|Any CPU = Debug|Any CPU
		Release|Any CPU = Release|Any CPU
	EndGlobalSection
	GlobalSection(SolutionProperties) = preSolution
		HideSolutionNode = FALSE
	EndGlobalSection
	GlobalSection(ProjectConfigurationPlatforms) = postSolution
		{3FFB08AC-CD86-40DC-8B1C-9736B8ABA2A5}.Debug|Any CPU.ActiveCfg = Debug|Any CPU
		{3FFB08AC-CD86-40DC-8B1C-9736B8ABA2A5}.Debug|Any CPU.Build.0 = Debug|Any CPU
		{3FFB08AC-CD86-40DC-8B1C-9736B8ABA2A5}.Release|Any CPU.ActiveCfg = Release|Any CPU
		{3FFB08AC-CD86-40DC-8B1C-9736B8ABA2A5}.Release|Any CPU.Build.0 = Release|Any CPU
		{03FFCA17-00C5-44E1-B2F8-8AF7B2470D30}.Debug|Any CPU.ActiveCfg = Debug|Any CPU
		{03FFCA17-00C5-44E1-B2F8-8AF7B2470D30}.Debug|Any CPU.Build.0 = Debug|Any CPU
		{03FFCA17-00C5-44E1-B2F8-8AF7B2470D30}.Release|Any CPU.ActiveCfg = Release|Any CPU
		{03FFCA17-00C5-44E1-B2F8-8AF7B2470D30}.Release|Any CPU.Build.0 = Release|Any CPU
		{81A6133E-0B36-4710-A41A-46F50FB26BC0}.Debug|Any CPU.ActiveCfg = Debug|Any CPU
		{81A6133E-0B36-4710-A41A-46F50FB26BC0}.Debug|Any CPU.Build.0 = Debug|Any CPU
		{81A6133E-0B36-4710-A41A-46F50FB26BC0}.Release|Any CPU.ActiveCfg = Release|Any CPU
		{81A6133E-0B36-4710-A41A-46F50FB26BC0}.Release|Any CPU.Build.0 = Release|Any CPU
		{C319BFEA-EE04-440F-B14A-8A0A281861C2}.Debug|Any CPU.ActiveCfg = Debug|Any CPU
		{C319BFEA-EE04-440F-B14A-8A0A281861C2}.Debug|Any CPU.Build.0 = Debug|Any CPU
		{C319BFEA-EE04-440F-B14A-8A0A281861C2}.Release|Any CPU.ActiveCfg = Release|Any CPU
		{C319BFEA-EE04-440F-B14A-8A0A281861C2}.Release|Any CPU.Build.0 = Release|Any CPU
		{D27A1F89-694E-41D8-AADD-81371241D7CB}.Debug|Any CPU.ActiveCfg = Debug|Any CPU
		{D27A1F89-694E-41D8-AADD-81371241D7CB}.Debug|Any CPU.Build.0 = Debug|Any CPU
		{D27A1F89-694E-41D8-AADD-81371241D7CB}.Release|Any CPU.ActiveCfg = Release|Any CPU
		{D27A1F89-694E-41D8-AADD-81371241D7CB}.Release|Any CPU.Build.0 = Release|Any CPU
	EndGlobalSection
	GlobalSection(NestedProjects) = preSolution
		{3FFB08AC-CD86-40DC-8B1C-9736B8ABA2A5} = {8417E0D5-E42D-4EEA-A567-81C0C705D51C}
		{03FFCA17-00C5-44E1-B2F8-8AF7B2470D30} = {8417E0D5-E42D-4EEA-A567-81C0C705D51C}
		{81A6133E-0B36-4710-A41A-46F50FB26BC0} = {8417E0D5-E42D-4EEA-A567-81C0C705D51C}
		{C319BFEA-EE04-440F-B14A-8A0A281861C2} = {8417E0D5-E42D-4EEA-A567-81C0C705D51C}
		{D27A1F89-694E-41D8-AADD-81371241D7CB} = {F087D063-7B99-450C-9ED2-30A72118EB9D}
	EndGlobalSection
EndGlobal
